
Microsoft Visual Studio Solution File, Format Version 12.00
# Visual Studio 15
VisualStudioVersion = 15.0.26730.16
MinimumVisualStudioVersion = 10.0.40219.1
Project("{9A19103F-16F7-4668-BE54-9A1E7A4F7556}") = "PFSign", "PFSign\PFSign.csproj", "{F6F56D6E-7FD9-464F-8163-2384B27ED026}"
EndProject
Global
	GlobalSection(SolutionConfigurationPlatforms) = preSolution
		Debug|Any CPU = Debug|Any CPU
		Release|Any CPU = Release|Any CPU
	EndGlobalSection
	GlobalSection(ProjectConfigurationPlatforms) = postSolution
		{F6F56D6E-7FD9-464F-8163-2384B27ED026}.Debug|Any CPU.ActiveCfg = Debug|Any CPU
		{F6F56D6E-7FD9-464F-8163-2384B27ED026}.Debug|Any CPU.Build.0 = Debug|Any CPU
		{F6F56D6E-7FD9-464F-8163-2384B27ED026}.Release|Any CPU.ActiveCfg = Release|Any CPU
		{F6F56D6E-7FD9-464F-8163-2384B27ED026}.Release|Any CPU.Build.0 = Release|Any CPU
	EndGlobalSection
	GlobalSection(SolutionProperties) = preSolution
		HideSolutionNode = FALSE
	EndGlobalSection
	GlobalSection(ExtensibilityGlobals) = postSolution
		SolutionGuid = {99C28F93-E176-45D7-99C2-465293244061}
	EndGlobalSection
EndGlobal
